{
  "nodes": {
    "flake-compat": {
      "locked": {
        "lastModified": 1688025799,
        "narHash": "sha256-ktpB4dRtnksm9F5WawoIkEneh1nrEvuxb5lJFt1iOyw=",
        "owner": "nix-community",
        "repo": "flake-compat",
        "rev": "8bf105319d44f6b9f0d764efa4fdef9f1cc9ba1c",
        "type": "github"
      },
      "original": {
        "owner": "nix-community",
        "repo": "flake-compat",
        "type": "github"
      }
    },
    "hax-nur": {
      "inputs": {
        "nixpkgs": [
          "nixos-unstable"
        ],
        "treefmt-nix": "treefmt-nix"
      },
      "locked": {
        "lastModified": 1743305004,
        "narHash": "sha256-6r4IgEqSXOzb6gUjXFCv2D/CvdD2bHMOqfSddMpzpxQ=",
        "owner": "ihaveamac",
        "repo": "nur-packages",
        "rev": "25be3835a5ea119958410aa3b1066fc8b2351cc8",
        "type": "github"
      },
      "original": {
        "owner": "ihaveamac",
        "ref": "staging",
        "repo": "nur-packages",
        "type": "github"
      }
    },
    "home-manager": {
      "inputs": {
        "nixpkgs": [
          "nixpkgs"
        ]
      },
      "locked": {
        "lastModified": 1743948087,
        "narHash": "sha256-B6cIi2ScgVSROPPlTti6len+TdR0K25B9R3oKvbw3M8=",
        "owner": "nix-community",
        "repo": "home-manager",
        "rev": "ef3b2a6b602c3f1a80c6897d6de3ee62339a3eb7",
        "type": "github"
      },
      "original": {
        "owner": "nix-community",
        "repo": "home-manager",
        "type": "github"
      }
    },
    "jovian": {
      "inputs": {
        "nix-github-actions": "nix-github-actions",
        "nixpkgs": "nixpkgs"
      },
      "locked": {
        "lastModified": 1743879910,
        "narHash": "sha256-jAr345BODeDluX6DfO3TdY7pB77olVOcYFYjxz6rPxo=",
        "owner": "Jovian-Experiments",
        "repo": "Jovian-NixOS",
        "rev": "96a7fbb4a892696ff89d3d42fc743ab5d6714222",
        "type": "github"
      },
      "original": {
        "owner": "Jovian-Experiments",
        "repo": "Jovian-NixOS",
        "type": "github"
      }
    },
    "libcamera-src": {
      "flake": false,
      "locked": {
        "lastModified": 1725630279,
        "narHash": "sha256-KH30jmHfxXq4j2CL7kv18DYECJRp9ECuWNPnqPZajPA=",
        "owner": "raspberrypi",
        "repo": "libcamera",
        "rev": "69a894c4adad524d3063dd027f5c4774485cf9db",
        "type": "github"
      },
      "original": {
        "owner": "raspberrypi",
        "repo": "libcamera",
        "rev": "69a894c4adad524d3063dd027f5c4774485cf9db",
        "type": "github"
      }
    },
    "libpisp-src": {
      "flake": false,
      "locked": {
        "lastModified": 1724944683,
        "narHash": "sha256-Fo2UJmQHS855YSSKKmGrsQnJzXog1cdpkIOO72yYAM4=",
        "owner": "raspberrypi",
        "repo": "libpisp",
        "rev": "28196ed6edcfeda88d23cc5f213d51aa6fa17bb3",
        "type": "github"
      },
      "original": {
        "owner": "raspberrypi",
        "ref": "v1.0.7",
        "repo": "libpisp",
        "type": "github"
      }
    },
    "nix-darwin": {
      "inputs": {
        "nixpkgs": [
          "nixpkgs"
        ]
      },
      "locked": {
        "lastModified": 1743496612,
        "narHash": "sha256-emPWa5lmKbnyuj8c1mSJUkzJNT+iJoU9GMcXwjp2oVM=",
        "owner": "LnL7",
        "repo": "nix-darwin",
        "rev": "73d59580d01e9b9f957ba749f336a272869c42dd",
        "type": "github"
      },
      "original": {
        "id": "nix-darwin",
        "type": "indirect"
      }
    },
    "nix-github-actions": {
      "inputs": {
        "nixpkgs": [
          "jovian",
          "nixpkgs"
        ]
      },
      "locked": {
        "lastModified": 1729697500,
        "narHash": "sha256-VFTWrbzDlZyFHHb1AlKRiD/qqCJIripXKiCSFS8fAOY=",
        "owner": "zhaofengli",
        "repo": "nix-github-actions",
        "rev": "e418aeb728b6aa5ca8c5c71974e7159c2df1d8cf",
        "type": "github"
      },
      "original": {
        "owner": "zhaofengli",
        "ref": "matrix-name",
        "repo": "nix-github-actions",
        "type": "github"
      }
    },
    "nixos-apple-silicon": {
      "inputs": {
        "flake-compat": "flake-compat",
        "nixpkgs": [
          "nixos-unstable"
        ],
        "rust-overlay": "rust-overlay"
      },
      "locked": {
        "lastModified": 1742098834,
        "narHash": "sha256-l98XVpNXW6hr0AsxCeQZbdf6EGT8OpHdkWBi7sdel4s=",
        "owner": "tpwrules",
        "repo": "nixos-apple-silicon",
        "rev": "8457960249bcfd34c22838e20eaa7d8261428688",
        "type": "github"
      },
      "original": {
        "owner": "tpwrules",
        "repo": "nixos-apple-silicon",
        "type": "github"
      }
    },
    "nixos-hardware": {
      "locked": {
        "lastModified": 1743420942,
        "narHash": "sha256-b/exDDQSLmENZZgbAEI3qi9yHkuXAXCPbormD8CSJXo=",
        "owner": "NixOS",
        "repo": "nixos-hardware",
        "rev": "de6fc5551121c59c01e2a3d45b277a6d05077bc4",
        "type": "github"
      },
      "original": {
        "owner": "NixOS",
        "ref": "master",
        "repo": "nixos-hardware",
        "type": "github"
      }
    },
    "nixos-unstable": {
      "locked": {
        "lastModified": 1743827369,
        "narHash": "sha256-rpqepOZ8Eo1zg+KJeWoq1HAOgoMCDloqv5r2EAa9TSA=",
        "owner": "NixOS",
        "repo": "nixpkgs",
        "rev": "42a1c966be226125b48c384171c44c651c236c22",
        "type": "github"
      },
      "original": {
        "owner": "NixOS",
        "ref": "nixos-unstable",
        "repo": "nixpkgs",
        "type": "github"
      }
    },
    "nixpkgs": {
      "locked": {
        "lastModified": 1743583204,
        "narHash": "sha256-F7n4+KOIfWrwoQjXrL2wD9RhFYLs2/GGe/MQY1sSdlE=",
        "owner": "NixOS",
        "repo": "nixpkgs",
        "rev": "2c8d3f48d33929642c1c12cd243df4cc7d2ce434",
        "type": "github"
      },
      "original": {
        "owner": "NixOS",
        "ref": "nixos-unstable",
        "repo": "nixpkgs",
        "type": "github"
      }
    },
    "nixpkgs_2": {
      "locked": {
        "lastModified": 1743814133,
        "narHash": "sha256-drDyYyUmjeYGiHmwB9eOPTQRjmrq3Yz26knwmMPLZFk=",
        "owner": "NixOS",
        "repo": "nixpkgs",
        "rev": "250b695f41e0e2f5afbf15c6b12480de1fe0001b",
        "type": "github"
      },
      "original": {
        "owner": "NixOS",
        "ref": "nixpkgs-unstable",
        "repo": "nixpkgs",
        "type": "github"
      }
    },
    "nixpkgs_3": {
      "locked": {
        "lastModified": 1736061677,
        "narHash": "sha256-DjkQPnkAfd7eB522PwnkGhOMuT9QVCZspDpJJYyOj60=",
        "owner": "NixOS",
        "repo": "nixpkgs",
        "rev": "cbd8ec4de4469333c82ff40d057350c30e9f7d36",
        "type": "github"
      },
      "original": {
        "owner": "NixOS",
        "ref": "nixos-24.11",
        "repo": "nixpkgs",
        "type": "github"
      }
    },
    "nixpkgs_4": {
      "locked": {
        "lastModified": 1743827369,
        "narHash": "sha256-rpqepOZ8Eo1zg+KJeWoq1HAOgoMCDloqv5r2EAa9TSA=",
        "owner": "NixOS",
        "repo": "nixpkgs",
        "rev": "42a1c966be226125b48c384171c44c651c236c22",
        "type": "github"
      },
      "original": {
        "owner": "NixOS",
        "ref": "nixos-unstable",
        "repo": "nixpkgs",
        "type": "github"
      }
    },
    "raspberry-pi-nix": {
      "inputs": {
        "libcamera-src": "libcamera-src",
        "libpisp-src": "libpisp-src",
        "nixpkgs": "nixpkgs_3",
        "rpi-bluez-firmware-src": "rpi-bluez-firmware-src",
        "rpi-firmware-nonfree-src": "rpi-firmware-nonfree-src",
        "rpi-firmware-src": "rpi-firmware-src",
        "rpi-linux-6_12_17-src": "rpi-linux-6_12_17-src",
        "rpi-linux-6_6_78-src": "rpi-linux-6_6_78-src",
        "rpi-linux-stable-src": "rpi-linux-stable-src",
        "rpicam-apps-src": "rpicam-apps-src"
      },
      "locked": {
        "lastModified": 1742223591,
        "narHash": "sha256-ZNTz8r5jlJ1jvpqf5+aUYgpnYJSVX0iP14doOc1Hm0E=",
        "owner": "nix-community",
        "repo": "raspberry-pi-nix",
        "rev": "3e8100d5e976a6a2be363015cb33463af9ef441a",
        "type": "github"
      },
      "original": {
        "owner": "nix-community",
        "repo": "raspberry-pi-nix",
        "type": "github"
      }
    },
    "root": {
      "inputs": {
        "hax-nur": "hax-nur",
        "home-manager": "home-manager",
        "jovian": "jovian",
        "nix-darwin": "nix-darwin",
        "nixos-apple-silicon": "nixos-apple-silicon",
        "nixos-hardware": "nixos-hardware",
        "nixos-unstable": "nixos-unstable",
        "nixpkgs": "nixpkgs_2",
        "raspberry-pi-nix": "raspberry-pi-nix",
        "spicetify-nix": "spicetify-nix"
      }
    },
    "rpi-bluez-firmware-src": {
      "flake": false,
      "locked": {
        "lastModified": 1708969706,
        "narHash": "sha256-KakKnOBeWxh0exu44beZ7cbr5ni4RA9vkWYb9sGMb8Q=",
        "owner": "RPi-Distro",
        "repo": "bluez-firmware",
        "rev": "78d6a07730e2d20c035899521ab67726dc028e1c",
        "type": "github"
      },
      "original": {
        "owner": "RPi-Distro",
        "ref": "bookworm",
        "repo": "bluez-firmware",
        "type": "github"
      }
    },
    "rpi-firmware-nonfree-src": {
      "flake": false,
      "locked": {
        "lastModified": 1723266537,
        "narHash": "sha256-T7eTKXqY9cxEMdab8Snda4CEOrEihy5uOhA6Fy+Mhnw=",
        "owner": "RPi-Distro",
        "repo": "firmware-nonfree",
        "rev": "4b356e134e8333d073bd3802d767a825adec3807",
        "type": "github"
      },
      "original": {
        "owner": "RPi-Distro",
        "ref": "bookworm",
        "repo": "firmware-nonfree",
        "type": "github"
      }
    },
    "rpi-firmware-src": {
      "flake": false,
      "locked": {
        "lastModified": 1728405098,
        "narHash": "sha256-4gnK0KbqFnjBmWia9Jt2gveVWftmHrprpwBqYVqE/k0=",
        "owner": "raspberrypi",
        "repo": "firmware",
        "rev": "7bbb5f80d20a2335066a8781459c9f33e5eebc64",
        "type": "github"
      },
      "original": {
        "owner": "raspberrypi",
        "ref": "1.20241008",
        "repo": "firmware",
        "type": "github"
      }
    },
    "rpi-linux-6_12_17-src": {
      "flake": false,
      "locked": {
        "lastModified": 1740765145,
        "narHash": "sha256-hoCsGc4+RC/2LmxDtswLBL5ZhWlw4vSiL4Vkl39r2MU=",
        "owner": "raspberrypi",
        "repo": "linux",
        "rev": "5985ce32e511f4e8279a841a1b06a8c7d972b386",
        "type": "github"
      },
      "original": {
        "owner": "raspberrypi",
        "ref": "rpi-6.12.y",
        "repo": "linux",
        "type": "github"
      }
    },
    "rpi-linux-6_6_78-src": {
      "flake": false,
      "locked": {
        "lastModified": 1740503700,
        "narHash": "sha256-Y8+ot4Yi3UKwlZK3ap15rZZ16VZDvmeFkD46+6Ku7bE=",
        "owner": "raspberrypi",
        "repo": "linux",
        "rev": "2e071057fded90e789c0101498e45a1778be93fe",
        "type": "github"
      },
      "original": {
        "owner": "raspberrypi",
        "ref": "rpi-6.6.y",
        "repo": "linux",
        "type": "github"
      }
    },
    "rpi-linux-stable-src": {
      "flake": false,
      "locked": {
        "lastModified": 1728403745,
        "narHash": "sha256-phCxkuO+jUGZkfzSrBq6yErQeO2Td+inIGHxctXbD5U=",
        "owner": "raspberrypi",
        "repo": "linux",
        "rev": "5aeecea9f4a45248bcf564dec924965e066a7bfd",
        "type": "github"
      },
      "original": {
        "owner": "raspberrypi",
        "ref": "stable_20241008",
        "repo": "linux",
        "type": "github"
      }
    },
    "rpicam-apps-src": {
      "flake": false,
      "locked": {
        "lastModified": 1727515047,
        "narHash": "sha256-qCYGrcibOeGztxf+sd44lD6VAOGoUNwRqZDdAmcTa/U=",
        "owner": "raspberrypi",
        "repo": "rpicam-apps",
        "rev": "a8ccf9f3cd9df49875dfb834a2b490d41d226031",
        "type": "github"
      },
      "original": {
        "owner": "raspberrypi",
        "ref": "v1.5.2",
        "repo": "rpicam-apps",
        "type": "github"
      }
    },
    "rust-overlay": {
      "flake": false,
      "locked": {
        "lastModified": 1686795910,
        "narHash": "sha256-jDa40qRZ0GRQtP9EMZdf+uCbvzuLnJglTUI2JoHfWDc=",
        "owner": "oxalica",
        "repo": "rust-overlay",
        "rev": "5c2b97c0a9bc5217fc3dfb1555aae0fb756d99f9",
        "type": "github"
      },
      "original": {
        "owner": "oxalica",
        "repo": "rust-overlay",
        "type": "github"
      }
    },
    "spicetify-nix": {
      "inputs": {
        "nixpkgs": "nixpkgs_4",
        "systems": "systems"
      },
      "locked": {
        "lastModified": 1743946771,
        "narHash": "sha256-n/LxWCGJtDi/rWMKEXWQn39v46iFZpW+V9mY4/4LJQs=",
        "owner": "Gerg-L",
        "repo": "spicetify-nix",
        "rev": "af24d96983faa41e79fa00312106c37a7cc2ca0a",
        "type": "github"
      },
      "original": {
        "owner": "Gerg-L",
        "repo": "spicetify-nix",
        "type": "github"
      }
    },
    "systems": {
      "locked": {
        "lastModified": 1681028828,
        "narHash": "sha256-Vy1rq5AaRuLzOxct8nz4T6wlgyUR7zLU309k9mBC768=",
        "owner": "nix-systems",
        "repo": "default",
        "rev": "da67096a3b9bf56a91d16901293e51ba5b49a27e",
        "type": "github"
      },
      "original": {
        "owner": "nix-systems",
        "repo": "default",
        "type": "github"
      }
    },
    "treefmt-nix": {
      "inputs": {
        "nixpkgs": [
          "hax-nur",
          "nixpkgs"
        ]
      },
      "locked": {
        "lastModified": 1743081648,
        "narHash": "sha256-WRAylyYptt6OX5eCEBWyTwOEqEtD6zt33rlUkr6u3cE=",
        "owner": "numtide",
        "repo": "treefmt-nix",
        "rev": "29a3d7b768c70addce17af0869f6e2bd8f5be4b7",
        "type": "github"
      },
      "original": {
        "owner": "numtide",
        "repo": "treefmt-nix",
        "type": "github"
      }
    }
  },
  "root": "root",
  "version": 7
}
